
Microsoft Visual Studio Solution File, Format Version 12.00
# Visual Studio Version 17
VisualStudioVersion = 17.14.37502.11
MinimumVisualStudioVersion = 10.0.40219.1
Project("{FAE04EC0-301F-11D3-BF4B-00C04F79EFBC}") = "FinanceDataTool", "FinanceDataTool\FinanceDataTool.csproj", "{B3182D45-F29A-478B-8C79-485E10E45238}"
EndProject
Project("{FAE04EC0-301F-11D3-BF4B-00C04F79EFBC}") = "FinanceDataTool.Core", "FinanceDataTool.Core\FinanceDataTool.Core.csproj", "{0783F8AB-0B9E-4B3A-9F79-B6BD7C93F57E}"
EndProject
Project("{FAE04EC0-301F-11D3-BF4B-00C04F79EFBC}") = "FinanceDataTool.Web", "FinanceDataTool.Web\FinanceDataTool.Web.csproj", "{BE52CAB4-16D1-4FED-AFDD-93005F85FA98}"
EndProject
Global
	GlobalSection(SolutionConfigurationPlatforms) = preSolution
		Debug|Any CPU = Debug|Any CPU
		Debug|x64 = Debug|x64
		Debug|x86 = Debug|x86
		Release|Any CPU = Release|Any CPU
		Release|x64 = Release|x64
		Release|x86 = Release|x86
	EndGlobalSection
	GlobalSection(ProjectConfigurationPlatforms) = postSolution
		{B3182D45-F29A-478B-8C79-485E10E45238}.Debug|Any CPU.ActiveCfg = Debug|Any CPU
		{B3182D45-F29A-478B-8C79-485E10E45238}.Debug|Any CPU.Build.0 = Debug|Any CPU
		{B3182D45-F29A-478B-8C79-485E10E45238}.Debug|x64.ActiveCfg = Debug|Any CPU
		{B3182D45-F29A-478B-8C79-485E10E45238}.Debug|x64.Build.0 = Debug|Any CPU
		{B3182D45-F29A-478B-8C79-485E10E45238}.Debug|x86.ActiveCfg = Debug|Any CPU
		{B3182D45-F29A-478B-8C79-485E10E45238}.Debug|x86.Build.0 = Debug|Any CPU
		{B3182D45-F29A-478B-8C79-485E10E45238}.Release|Any CPU.ActiveCfg = Release|Any CPU
		{B3182D45-F29A-478B-8C79-485E10E45238}.Release|Any CPU.Build.0 = Release|Any CPU
		{B3182D45-F29A-478B-8C79-485E10E45238}.Release|x64.ActiveCfg = Release|Any CPU
		{B3182D45-F29A-478B-8C79-485E10E45238}.Release|x64.Build.0 = Release|Any CPU
		{B3182D45-F29A-478B-8C79-485E10E45238}.Release|x86.ActiveCfg = Release|Any CPU
		{B3182D45-F29A-478B-8C79-485E10E45238}.Release|x86.Build.0 = Release|Any CPU
		{0783F8AB-0B9E-4B3A-9F79-B6BD7C93F57E}.Debug|Any CPU.ActiveCfg = Debug|Any CPU
		{0783F8AB-0B9E-4B3A-9F79-B6BD7C93F57E}.Debug|Any CPU.Build.0 = Debug|Any CPU
		{0783F8AB-0B9E-4B3A-9F79-B6BD7C93F57E}.Debug|x64.ActiveCfg = Debug|Any CPU
		{0783F8AB-0B9E-4B3A-9F79-B6BD7C93F57E}.Debug|x64.Build.0 = Debug|Any CPU
		{0783F8AB-0B9E-4B3A-9F79-B6BD7C93F57E}.Debug|x86.ActiveCfg = Debug|Any CPU
		{0783F8AB-0B9E-4B3A-9F79-B6BD7C93F57E}.Debug|x86.Build.0 = Debug|Any CPU
		{0783F8AB-0B9E-4B3A-9F79-B6BD7C93F57E}.Release|Any CPU.ActiveCfg = Release|Any CPU
		{0783F8AB-0B9E-4B3A-9F79-B6BD7C93F57E}.Release|Any CPU.Build.0 = Release|Any CPU
		{0783F8AB-0B9E-4B3A-9F79-B6BD7C93F57E}.Release|x64.ActiveCfg = Release|Any CPU
		{0783F8AB-0B9E-4B3A-9F79-B6BD7C93F57E}.Release|x64.Build.0 = Release|Any CPU
		{0783F8AB-0B9E-4B3A-9F79-B6BD7C93F57E}.Release|x86.ActiveCfg = Release|Any CPU
		{0783F8AB-0B9E-4B3A-9F79-B6BD7C93F57E}.Release|x86.Build.0 = Release|Any CPU
		{BE52CAB4-16D1-4FED-AFDD-93005F85FA98}.Debug|Any CPU.ActiveCfg = Debug|Any CPU
		{BE52CAB4-16D1-4FED-AFDD-93005F85FA98}.Debug|Any CPU.Build.0 = Debug|Any CPU
		{BE52CAB4-16D1-4FED-AFDD-93005F85FA98}.Debug|x64.ActiveCfg = Debug|Any CPU
		{BE52CAB4-16D1-4FED-AFDD-93005F85FA98}.Debug|x64.Build.0 = Debug|Any CPU
		{BE52CAB4-16D1-4FED-AFDD-93005F85FA98}.Debug|x86.ActiveCfg = Debug|Any CPU
		{BE52CAB4-16D1-4FED-AFDD-93005F85FA98}.Debug|x86.Build.0 = Debug|Any CPU
		{BE52CAB4-16D1-4FED-AFDD-93005F85FA98}.Release|Any CPU.ActiveCfg = Release|Any CPU
		{BE52CAB4-16D1-4FED-AFDD-93005F85FA98}.Release|Any CPU.Build.0 = Release|Any CPU
		{BE52CAB4-16D1-4FED-AFDD-93005F85FA98}.Release|x64.ActiveCfg = Release|Any CPU
		{BE52CAB4-16D1-4FED-AFDD-93005F85FA98}.Release|x64.Build.0 = Release|Any CPU
		{BE52CAB4-16D1-4FED-AFDD-93005F85FA98}.Release|x86.ActiveCfg = Release|Any CPU
		{BE52CAB4-16D1-4FED-AFDD-93005F85FA98}.Release|x86.Build.0 = Release|Any CPU
	EndGlobalSection
	GlobalSection(SolutionProperties) = preSolution
		HideSolutionNode = FALSE
	EndGlobalSection
	GlobalSection(ExtensibilityGlobals) = postSolution
		SolutionGuid = {7D47CD10-FA59-48C0-AB7E-4182122CAC5E}
	EndGlobalSection
EndGlobal
